
Microsoft Visual Studio Solution File, Format Version 12.00
# Visual Studio 2012
Project("{FAE04EC0-301F-11D3-BF4B-00C04F79EFBC}") = "Temple.WebUI", "Temple.WebUI\Temple.WebUI.csproj", "{15912A23-DD06-4407-8BB2-45B8ED801E0F}"
EndProject
Project("{FAE04EC0-301F-11D3-BF4B-00C04F79EFBC}") = "Temple.WebUI.Tests", "Temple.WebUI.Tests\Temple.WebUI.Tests.csproj", "{081836CB-1B48-4A99-930B-C236FAE5BF22}"
EndProject
Global
	GlobalSection(SolutionConfigurationPlatforms) = preSolution
		Debug|Any CPU = Debug|Any CPU
		Release|Any CPU = Release|Any CPU
	EndGlobalSection
	GlobalSection(ProjectConfigurationPlatforms) = postSolution
		{15912A23-DD06-4407-8BB2-45B8ED801E0F}.Debug|Any CPU.ActiveCfg = Debug|Any CPU
		{15912A23-DD06-4407-8BB2-45B8ED801E0F}.Debug|Any CPU.Build.0 = Debug|Any CPU
		{15912A23-DD06-4407-8BB2-45B8ED801E0F}.Release|Any CPU.ActiveCfg = Release|Any CPU
		{15912A23-DD06-4407-8BB2-45B8ED801E0F}.Release|Any CPU.Build.0 = Release|Any CPU
		{081836CB-1B48-4A99-930B-C236FAE5BF22}.Debug|Any CPU.ActiveCfg = Debug|Any CPU
		{081836CB-1B48-4A99-930B-C236FAE5BF22}.Debug|Any CPU.Build.0 = Debug|Any CPU
		{081836CB-1B48-4A99-930B-C236FAE5BF22}.Release|Any CPU.ActiveCfg = Release|Any CPU
		{081836CB-1B48-4A99-930B-C236FAE5BF22}.Release|Any CPU.Build.0 = Release|Any CPU
	EndGlobalSection
	GlobalSection(SolutionProperties) = preSolution
		HideSolutionNode = FALSE
	EndGlobalSection
EndGlobal
